// !$*UTF8*$!
{
	archiveVersion = 1;
	classes = {
	};
	objectVersion = 56;
	objects = {

/* Begin PBXBuildFile section */
		4546F46B2B40CCAC00F36B3A /* HomeView.swift in Sources */ = {isa = PBXBuildFile; fileRef = 4546F46A2B40CCAC00F36B3A /* HomeView.swift */; };
		4546F46D2B40CD2B00F36B3A /* ActionButton.swift in Sources */ = {isa = PBXBuildFile; fileRef = 4546F46C2B40CD2B00F36B3A /* ActionButton.swift */; };
		4546F4712B40D69900F36B3A /* QualityPicker.swift in Sources */ = {isa = PBXBuildFile; fileRef = 4546F4702B40D69900F36B3A /* QualityPicker.swift */; };
		45C84ADD2B48020000F344B7 /* WidgetKit.framework in Frameworks */ = {isa = PBXBuildFile; fileRef = 45C84ADC2B48020000F344B7 /* WidgetKit.framework */; };
		45C84ADF2B48020000F344B7 /* SwiftUI.framework in Frameworks */ = {isa = PBXBuildFile; fileRef = 45C84ADE2B48020000F344B7 /* SwiftUI.framework */; };
		45C84AE22B48020000F344B7 /* WidgetExtension.swift in Sources */ = {isa = PBXBuildFile; fileRef = 45C84AE12B48020000F344B7 /* WidgetExtension.swift */; };
		45C84AE42B48020100F344B7 /* Assets.xcassets in Resources */ = {isa = PBXBuildFile; fileRef = 45C84AE32B48020100F344B7 /* Assets.xcassets */; };
		45C84AE82B48020100F344B7 /* WidgetExtensionExtension.appex in Embed Foundation Extensions */ = {isa = PBXBuildFile; fileRef = 45C84ADA2B48020000F344B7 /* WidgetExtensionExtension.appex */; settings = {ATTRIBUTES = (RemoveHeadersOnCopy, ); }; };
		45C84AED2B48021900F344B7 /* AudioRecorder.swift in Sources */ = {isa = PBXBuildFile; fileRef = 45DEBE742B3F72F900003B71 /* AudioRecorder.swift */; };
		45DEBE5E2B3F727100003B71 /* RecordTest Watch App.app in Embed Watch Content */ = {isa = PBXBuildFile; fileRef = 45DEBE5D2B3F727100003B71 /* RecordTest Watch App.app */; settings = {ATTRIBUTES = (RemoveHeadersOnCopy, ); }; };
		45DEBE632B3F727100003B71 /* RecordTestApp.swift in Sources */ = {isa = PBXBuildFile; fileRef = 45DEBE622B3F727100003B71 /* RecordTestApp.swift */; };
		45DEBE652B3F727100003B71 /* ContentView.swift in Sources */ = {isa = PBXBuildFile; fileRef = 45DEBE642B3F727100003B71 /* ContentView.swift */; };
		45DEBE672B3F727200003B71 /* Assets.xcassets in Resources */ = {isa = PBXBuildFile; fileRef = 45DEBE662B3F727200003B71 /* Assets.xcassets */; };
		45DEBE6A2B3F727200003B71 /* Preview Assets.xcassets in Resources */ = {isa = PBXBuildFile; fileRef = 45DEBE692B3F727200003B71 /* Preview Assets.xcassets */; };
		45DEBE752B3F72F900003B71 /* AudioRecorder.swift in Sources */ = {isa = PBXBuildFile; fileRef = 45DEBE742B3F72F900003B71 /* AudioRecorder.swift */; };
/* End PBXBuildFile section */

/* Begin PBXContainerItemProxy section */
		45C84AE62B48020100F344B7 /* PBXContainerItemProxy */ = {
			isa = PBXContainerItemProxy;
			containerPortal = 45DEBE512B3F727100003B71 /* Project object */;
			proxyType = 1;
			remoteGlobalIDString = 45C84AD92B48020000F344B7;
			remoteInfo = WidgetExtensionExtension;
		};
		45DEBE5F2B3F727100003B71 /* PBXContainerItemProxy */ = {
			isa = PBXContainerItemProxy;
			containerPortal = 45DEBE512B3F727100003B71 /* Project object */;
			proxyType = 1;
			remoteGlobalIDString = 45DEBE5C2B3F727100003B71;
			remoteInfo = "RecordTest Watch App";
		};
/* End PBXContainerItemProxy section */

/* Begin PBXCopyFilesBuildPhase section */
		45C84AE92B48020100F344B7 /* Embed Foundation Extensions */ = {
			isa = PBXCopyFilesBuildPhase;
			buildActionMask = 2147483647;
			dstPath = "";
			dstSubfolderSpec = 13;
			files = (
				45C84AE82B48020100F344B7 /* WidgetExtensionExtension.appex in Embed Foundation Extensions */,
			);
			name = "Embed Foundation Extensions";
			runOnlyForDeploymentPostprocessing = 0;
		};
		45DEBE702B3F727200003B71 /* Embed Watch Content */ = {
			isa = PBXCopyFilesBuildPhase;
			buildActionMask = 2147483647;
			dstPath = "$(CONTENTS_FOLDER_PATH)/Watch";
			dstSubfolderSpec = 16;
			files = (
				45DEBE5E2B3F727100003B71 /* RecordTest Watch App.app in Embed Watch Content */,
			);
			name = "Embed Watch Content";
			runOnlyForDeploymentPostprocessing = 0;
		};
/* End PBXCopyFilesBuildPhase section */

/* Begin PBXFileReference section */
		4546F46A2B40CCAC00F36B3A /* HomeView.swift */ = {isa = PBXFileReference; lastKnownFileType = sourcecode.swift; path = HomeView.swift; sourceTree = "<group>"; };
		4546F46C2B40CD2B00F36B3A /* ActionButton.swift */ = {isa = PBXFileReference; lastKnownFileType = sourcecode.swift; path = ActionButton.swift; sourceTree = "<group>"; };
		4546F4702B40D69900F36B3A /* QualityPicker.swift */ = {isa = PBXFileReference; lastKnownFileType = sourcecode.swift; path = QualityPicker.swift; sourceTree = "<group>"; };
		45C84ADA2B48020000F344B7 /* WidgetExtensionExtension.appex */ = {isa = PBXFileReference; explicitFileType = "wrapper.app-extension"; includeInIndex = 0; path = WidgetExtensionExtension.appex; sourceTree = BUILT_PRODUCTS_DIR; };
		45C84ADC2B48020000F344B7 /* WidgetKit.framework */ = {isa = PBXFileReference; lastKnownFileType = wrapper.framework; name = WidgetKit.framework; path = System/Library/Frameworks/WidgetKit.framework; sourceTree = SDKROOT; };
		45C84ADE2B48020000F344B7 /* SwiftUI.framework */ = {isa = PBXFileReference; lastKnownFileType = wrapper.framework; name = SwiftUI.framework; path = System/Library/Frameworks/SwiftUI.framework; sourceTree = SDKROOT; };
		45C84AE12B48020000F344B7 /* WidgetExtension.swift */ = {isa = PBXFileReference; lastKnownFileType = sourcecode.swift; path = WidgetExtension.swift; sourceTree = "<group>"; };
		45C84AE32B48020100F344B7 /* Assets.xcassets */ = {isa = PBXFileReference; lastKnownFileType = folder.assetcatalog; path = Assets.xcassets; sourceTree = "<group>"; };
		45C84AE52B48020100F344B7 /* Info.plist */ = {isa = PBXFileReference; lastKnownFileType = text.plist.xml; path = Info.plist; sourceTree = "<group>"; };
		45DEBE572B3F727100003B71 /* RecordTest.app */ = {isa = PBXFileReference; explicitFileType = wrapper.application; includeInIndex = 0; path = RecordTest.app; sourceTree = BUILT_PRODUCTS_DIR; };
		45DEBE5D2B3F727100003B71 /* RecordTest Watch App.app */ = {isa = PBXFileReference; explicitFileType = wrapper.application; includeInIndex = 0; path = "RecordTest Watch App.app"; sourceTree = BUILT_PRODUCTS_DIR; };
		45DEBE622B3F727100003B71 /* RecordTestApp.swift */ = {isa = PBXFileReference; lastKnownFileType = sourcecode.swift; path = RecordTestApp.swift; sourceTree = "<group>"; };
		45DEBE642B3F727100003B71 /* ContentView.swift */ = {isa = PBXFileReference; lastKnownFileType = sourcecode.swift; path = ContentView.swift; sourceTree = "<group>"; };
		45DEBE662B3F727200003B71 /* Assets.xcassets */ = {isa = PBXFileReference; lastKnownFileType = folder.assetcatalog; path = Assets.xcassets; sourceTree = "<group>"; };
		45DEBE692B3F727200003B71 /* Preview Assets.xcassets */ = {isa = PBXFileReference; lastKnownFileType = folder.assetcatalog; path = "Preview Assets.xcassets"; sourceTree = "<group>"; };
		45DEBE742B3F72F900003B71 /* AudioRecorder.swift */ = {isa = PBXFileReference; lastKnownFileType = sourcecode.swift; path = AudioRecorder.swift; sourceTree = "<group>"; };
/* End PBXFileReference section */

/* Begin PBXFrameworksBuildPhase section */
		45C84AD72B48020000F344B7 /* Frameworks */ = {
			isa = PBXFrameworksBuildPhase;
			buildActionMask = 2147483647;
			files = (
				45C84ADF2B48020000F344B7 /* SwiftUI.framework in Frameworks */,
				45C84ADD2B48020000F344B7 /* WidgetKit.framework in Frameworks */,
			);
			runOnlyForDeploymentPostprocessing = 0;
		};
		45DEBE5A2B3F727100003B71 /* Frameworks */ = {
			isa = PBXFrameworksBuildPhase;
			buildActionMask = 2147483647;
			files = (
			);
			runOnlyForDeploymentPostprocessing = 0;
		};
/* End PBXFrameworksBuildPhase section */

/* Begin PBXGroup section */
		4546F46E2B40CD4E00F36B3A /* Views */ = {
			isa = PBXGroup;
			children = (
				4546F46F2B40CD5C00F36B3A /* HomeView */,
			);
			path = Views;
			sourceTree = "<group>";
		};
		4546F46F2B40CD5C00F36B3A /* HomeView */ = {
			isa = PBXGroup;
			children = (
				4546F46A2B40CCAC00F36B3A /* HomeView.swift */,
				4546F46C2B40CD2B00F36B3A /* ActionButton.swift */,
				4546F4722B40D87900F36B3A /* QualityPicker */,
			);
			path = HomeView;
			sourceTree = "<group>";
		};
		4546F4722B40D87900F36B3A /* QualityPicker */ = {
			isa = PBXGroup;
			children = (
				4546F4702B40D69900F36B3A /* QualityPicker.swift */,
			);
			path = QualityPicker;
			sourceTree = "<group>";
		};
		45C84ADB2B48020000F344B7 /* Frameworks */ = {
			isa = PBXGroup;
			children = (
				45C84ADC2B48020000F344B7 /* WidgetKit.framework */,
				45C84ADE2B48020000F344B7 /* SwiftUI.framework */,
			);
			name = Frameworks;
			sourceTree = "<group>";
		};
		45C84AE02B48020000F344B7 /* WidgetExtension */ = {
			isa = PBXGroup;
			children = (
				45C84AE12B48020000F344B7 /* WidgetExtension.swift */,
				45C84AE32B48020100F344B7 /* Assets.xcassets */,
				45C84AE52B48020100F344B7 /* Info.plist */,
			);
			path = WidgetExtension;
			sourceTree = "<group>";
		};
		45DEBE502B3F727100003B71 = {
			isa = PBXGroup;
			children = (
				45DEBE612B3F727100003B71 /* RecordTest Watch App */,
				45C84AE02B48020000F344B7 /* WidgetExtension */,
				45C84ADB2B48020000F344B7 /* Frameworks */,
				45DEBE582B3F727100003B71 /* Products */,
			);
			sourceTree = "<group>";
		};
		45DEBE582B3F727100003B71 /* Products */ = {
			isa = PBXGroup;
			children = (
				45DEBE572B3F727100003B71 /* RecordTest.app */,
				45DEBE5D2B3F727100003B71 /* RecordTest Watch App.app */,
				45C84ADA2B48020000F344B7 /* WidgetExtensionExtension.appex */,
			);
			name = Products;
			sourceTree = "<group>";
		};
		45DEBE612B3F727100003B71 /* RecordTest Watch App */ = {
			isa = PBXGroup;
			children = (
				45DEBE622B3F727100003B71 /* RecordTestApp.swift */,
				45DEBE642B3F727100003B71 /* ContentView.swift */,
				4546F46E2B40CD4E00F36B3A /* Views */,
				45DEBE742B3F72F900003B71 /* AudioRecorder.swift */,
				45DEBE662B3F727200003B71 /* Assets.xcassets */,
				45DEBE682B3F727200003B71 /* Preview Content */,
			);
			path = "RecordTest Watch App";
			sourceTree = "<group>";
		};
		45DEBE682B3F727200003B71 /* Preview Content */ = {
			isa = PBXGroup;
			children = (
				45DEBE692B3F727200003B71 /* Preview Assets.xcassets */,
			);
			path = "Preview Content";
			sourceTree = "<group>";
		};
/* End PBXGroup section */

/* Begin PBXNativeTarget section */
		45C84AD92B48020000F344B7 /* WidgetExtensionExtension */ = {
			isa = PBXNativeTarget;
			buildConfigurationList = 45C84AEC2B48020100F344B7 /* Build configuration list for PBXNativeTarget "WidgetExtensionExtension" */;
			buildPhases = (
				45C84AD62B48020000F344B7 /* Sources */,
				45C84AD72B48020000F344B7 /* Frameworks */,
				45C84AD82B48020000F344B7 /* Resources */,
			);
			buildRules = (
			);
			dependencies = (
			);
			name = WidgetExtensionExtension;
			productName = WidgetExtensionExtension;
			productReference = 45C84ADA2B48020000F344B7 /* WidgetExtensionExtension.appex */;
			productType = "com.apple.product-type.app-extension";
		};
		45DEBE562B3F727100003B71 /* RecordTest */ = {
			isa = PBXNativeTarget;
			buildConfigurationList = 45DEBE712B3F727200003B71 /* Build configuration list for PBXNativeTarget "RecordTest" */;
			buildPhases = (
				45DEBE552B3F727100003B71 /* Resources */,
				45DEBE702B3F727200003B71 /* Embed Watch Content */,
			);
			buildRules = (
			);
			dependencies = (
				45DEBE602B3F727100003B71 /* PBXTargetDependency */,
			);
			name = RecordTest;
			productName = RecordTest;
			productReference = 45DEBE572B3F727100003B71 /* RecordTest.app */;
			productType = "com.apple.product-type.application.watchapp2-container";
		};
		45DEBE5C2B3F727100003B71 /* RecordTest Watch App */ = {
			isa = PBXNativeTarget;
			buildConfigurationList = 45DEBE6D2B3F727200003B71 /* Build configuration list for PBXNativeTarget "RecordTest Watch App" */;
			buildPhases = (
				45DEBE592B3F727100003B71 /* Sources */,
				45DEBE5A2B3F727100003B71 /* Frameworks */,
				45DEBE5B2B3F727100003B71 /* Resources */,
				45C84AE92B48020100F344B7 /* Embed Foundation Extensions */,
			);
			buildRules = (
			);
			dependencies = (
				45C84AE72B48020100F344B7 /* PBXTargetDependency */,
			);
			name = "RecordTest Watch App";
			productName = "RecordTest Watch App";
			productReference = 45DEBE5D2B3F727100003B71 /* RecordTest Watch App.app */;
			productType = "com.apple.product-type.application";
		};
/* End PBXNativeTarget section */

/* Begin PBXProject section */
		45DEBE512B3F727100003B71 /* Project object */ = {
			isa = PBXProject;
			attributes = {
				BuildIndependentTargetsInParallel = 1;
				LastSwiftUpdateCheck = 1510;
				LastUpgradeCheck = 1510;
				TargetAttributes = {
					45C84AD92B48020000F344B7 = {
						CreatedOnToolsVersion = 15.1;
					};
					45DEBE562B3F727100003B71 = {
						CreatedOnToolsVersion = 15.1;
					};
					45DEBE5C2B3F727100003B71 = {
						CreatedOnToolsVersion = 15.1;
					};
				};
			};
			buildConfigurationList = 45DEBE542B3F727100003B71 /* Build configuration list for PBXProject "RecordTest" */;
			compatibilityVersion = "Xcode 14.0";
			developmentRegion = en;
			hasScannedForEncodings = 0;
			knownRegions = (
				en,
				Base,
			);
			mainGroup = 45DEBE502B3F727100003B71;
			productRefGroup = 45DEBE582B3F727100003B71 /* Products */;
			projectDirPath = "";
			projectRoot = "";
			targets = (
				45DEBE562B3F727100003B71 /* RecordTest */,
				45DEBE5C2B3F727100003B71 /* RecordTest Watch App */,
				45C84AD92B48020000F344B7 /* WidgetExtensionExtension */,
			);
		};
/* End PBXProject section */

/* Begin PBXResourcesBuildPhase section */
		45C84AD82B48020000F344B7 /* Resources */ = {
			isa = PBXResourcesBuildPhase;
			buildActionMask = 2147483647;
			files = (
				45C84AE42B48020100F344B7 /* Assets.xcassets in Resources */,
			);
			runOnlyForDeploymentPostprocessing = 0;
		};
		45DEBE552B3F727100003B71 /* Resources */ = {
			isa = PBXResourcesBuildPhase;
			buildActionMask = 2147483647;
			files = (
			);
			runOnlyForDeploymentPostprocessing = 0;
		};
		45DEBE5B2B3F727100003B71 /* Resources */ = {
			isa = PBXResourcesBuildPhase;
			buildActionMask = 2147483647;
			files = (
				45DEBE6A2B3F727200003B71 /* Preview Assets.xcassets in Resources */,
				45DEBE672B3F727200003B71 /* Assets.xcassets in Resources */,
			);
			runOnlyForDeploymentPostprocessing = 0;
		};
/* End PBXResourcesBuildPhase section */

/* Begin PBXSourcesBuildPhase section */
		45C84AD62B48020000F344B7 /* Sources */ = {
			isa = PBXSourcesBuildPhase;
			buildActionMask = 2147483647;
			files = (
				45C84AED2B48021900F344B7 /* AudioRecorder.swift in Sources */,
				45C84AE22B48020000F344B7 /* WidgetExtension.swift in Sources */,
			);
			runOnlyForDeploymentPostprocessing = 0;
		};
		45DEBE592B3F727100003B71 /* Sources */ = {
			isa = PBXSourcesBuildPhase;
			buildActionMask = 2147483647;
			files = (
				45DEBE752B3F72F900003B71 /* AudioRecorder.swift in Sources */,
				4546F46B2B40CCAC00F36B3A /* HomeView.swift in Sources */,
				45DEBE652B3F727100003B71 /* ContentView.swift in Sources */,
				4546F4712B40D69900F36B3A /* QualityPicker.swift in Sources */,
				45DEBE632B3F727100003B71 /* RecordTestApp.swift in Sources */,
				4546F46D2B40CD2B00F36B3A /* ActionButton.swift in Sources */,
			);
			runOnlyForDeploymentPostprocessing = 0;
		};
/* End PBXSourcesBuildPhase section */

/* Begin PBXTargetDependency section */
		45C84AE72B48020100F344B7 /* PBXTargetDependency */ = {
			isa = PBXTargetDependency;
			target = 45C84AD92B48020000F344B7 /* WidgetExtensionExtension */;
			targetProxy = 45C84AE62B48020100F344B7 /* PBXContainerItemProxy */;
		};
		45DEBE602B3F727100003B71 /* PBXTargetDependency */ = {
			isa = PBXTargetDependency;
			target = 45DEBE5C2B3F727100003B71 /* RecordTest Watch App */;
			targetProxy = 45DEBE5F2B3F727100003B71 /* PBXContainerItemProxy */;
		};
/* End PBXTargetDependency section */

/* Begin XCBuildConfiguration section */
		45C84AEA2B48020100F344B7 /* Debug */ = {
			isa = XCBuildConfiguration;
			buildSettings = {
				ASSETCATALOG_COMPILER_GLOBAL_ACCENT_COLOR_NAME = AccentColor;
				ASSETCATALOG_COMPILER_WIDGET_BACKGROUND_COLOR_NAME = WidgetBackground;
				CODE_SIGN_STYLE = Automatic;
				CURRENT_PROJECT_VERSION = 1;
				DEVELOPMENT_TEAM = S98C3BL8SB;
				GENERATE_INFOPLIST_FILE = YES;
				INFOPLIST_FILE = WidgetExtension/Info.plist;
				INFOPLIST_KEY_CFBundleDisplayName = WidgetExtension;
				INFOPLIST_KEY_NSHumanReadableCopyright = "";
				LD_RUNPATH_SEARCH_PATHS = (
					"$(inherited)",
					"@executable_path/Frameworks",
					"@executable_path/../../Frameworks",
					"@executable_path/../../../../Frameworks",
				);
				MARKETING_VERSION = 1.0;
				PRODUCT_BUNDLE_IDENTIFIER = PeterSanyo.RecordTest.watchkitapp.WidgetExtension;
				PRODUCT_NAME = "$(TARGET_NAME)";
				SDKROOT = watchos;
				SKIP_INSTALL = YES;
				SWIFT_EMIT_LOC_STRINGS = YES;
				SWIFT_VERSION = 5.0;
				TARGETED_DEVICE_FAMILY = 4;
				WATCHOS_DEPLOYMENT_TARGET = 10.2;
			};
			name = Debug;
		};
		45C84AEB2B48020100F344B7 /* Release */ = {
			isa = XCBuildConfiguration;
			buildSettings = {
				ASSETCATALOG_COMPILER_GLOBAL_ACCENT_COLOR_NAME = AccentColor;
				ASSETCATALOG_COMPILER_WIDGET_BACKGROUND_COLOR_NAME = WidgetBackground;
				CODE_SIGN_STYLE = Automatic;
				CURRENT_PROJECT_VERSION = 1;
				DEVELOPMENT_TEAM = S98C3BL8SB;
				GENERATE_INFOPLIST_FILE = YES;
				INFOPLIST_FILE = WidgetExtension/Info.plist;
				INFOPLIST_KEY_CFBundleDisplayName = WidgetExtension;
				INFOPLIST_KEY_NSHumanReadableCopyright = "";
				LD_RUNPATH_SEARCH_PATHS = (
					"$(inherited)",
					"@executable_path/Frameworks",
					"@executable_path/../../Frameworks",
					"@executable_path/../../../../Frameworks",
				);
				MARKETING_VERSION = 1.0;
				PRODUCT_BUNDLE_IDENTIFIER = PeterSanyo.RecordTest.watchkitapp.WidgetExtension;
				PRODUCT_NAME = "$(TARGET_NAME)";
				SDKROOT = watchos;
				SKIP_INSTALL = YES;
				SWIFT_EMIT_LOC_STRINGS = YES;
				SWIFT_VERSION = 5.0;
				TARGETED_DEVICE_FAMILY = 4;
				VALIDATE_PRODUCT = YES;
				WATCHOS_DEPLOYMENT_TARGET = 10.2;
			};
			name = Release;
		};
		45DEBE6B2B3F727200003B71 /* Debug */ = {
			isa = XCBuildConfiguration;
			buildSettings = {
				ALWAYS_SEARCH_USER_PATHS = NO;
				ASSETCATALOG_COMPILER_GENERATE_SWIFT_ASSET_SYMBOL_EXTENSIONS = YES;
				CLANG_ANALYZER_NONNULL = YES;
				CLANG_ANALYZER_NUMBER_OBJECT_CONVERSION = YES_AGGRESSIVE;
				CLANG_CXX_LANGUAGE_STANDARD = "gnu++20";
				CLANG_ENABLE_MODULES = YES;
				CLANG_ENABLE_OBJC_ARC = YES;
				CLANG_ENABLE_OBJC_WEAK = YES;
				CLANG_WARN_BLOCK_CAPTURE_AUTORELEASING = YES;
				CLANG_WARN_BOOL_CONVERSION = YES;
				CLANG_WARN_COMMA = YES;
				CLANG_WARN_CONSTANT_CONVERSION = YES;
				CLANG_WARN_DEPRECATED_OBJC_IMPLEMENTATIONS = YES;
				CLANG_WARN_DIRECT_OBJC_ISA_USAGE = YES_ERROR;
				CLANG_WARN_DOCUMENTATION_COMMENTS = YES;
				CLANG_WARN_EMPTY_BODY = YES;
				CLANG_WARN_ENUM_CONVERSION = YES;
				CLANG_WARN_INFINITE_RECURSION = YES;
				CLANG_WARN_INT_CONVERSION = YES;
				CLANG_WARN_NON_LITERAL_NULL_CONVERSION = YES;
				CLANG_WARN_OBJC_IMPLICIT_RETAIN_SELF = YES;
				CLANG_WARN_OBJC_LITERAL_CONVERSION = YES;
				CLANG_WARN_OBJC_ROOT_CLASS = YES_ERROR;
				CLANG_WARN_QUOTED_INCLUDE_IN_FRAMEWORK_HEADER = YES;
				CLANG_WARN_RANGE_LOOP_ANALYSIS = YES;
				CLANG_WARN_STRICT_PROTOTYPES = YES;
				CLANG_WARN_SUSPICIOUS_MOVE = YES;
				CLANG_WARN_UNGUARDED_AVAILABILITY = YES_AGGRESSIVE;
				CLANG_WARN_UNREACHABLE_CODE = YES;
				CLANG_WARN__DUPLICATE_METHOD_MATCH = YES;
				COPY_PHASE_STRIP = NO;
				DEBUG_INFORMATION_FORMAT = dwarf;
				ENABLE_STRICT_OBJC_MSGSEND = YES;
				ENABLE_TESTABILITY = YES;
				ENABLE_USER_SCRIPT_SANDBOXING = YES;
				GCC_C_LANGUAGE_STANDARD = gnu17;
				GCC_DYNAMIC_NO_PIC = NO;
				GCC_NO_COMMON_BLOCKS = YES;
				GCC_OPTIMIZATION_LEVEL = 0;
				GCC_PREPROCESSOR_DEFINITIONS = (
					"DEBUG=1",
					"$(inherited)",
				);
				GCC_WARN_64_TO_32_BIT_CONVERSION = YES;
				GCC_WARN_ABOUT_RETURN_TYPE = YES_ERROR;
				GCC_WARN_UNDECLARED_SELECTOR = YES;
				GCC_WARN_UNINITIALIZED_AUTOS = YES_AGGRESSIVE;
				GCC_WARN_UNUSED_FUNCTION = YES;
				GCC_WARN_UNUSED_VARIABLE = YES;
				INFOPLIST_KEY_NSMicrophoneUsageDescription = "We need acces to your microphone :) ";
				INFOPLIST_KEY_NSMotionUsageDescription = "";
				LOCALIZATION_PREFERS_STRING_CATALOGS = YES;
				MTL_ENABLE_DEBUG_INFO = INCLUDE_SOURCE;
				MTL_FAST_MATH = YES;
				ONLY_ACTIVE_ARCH = YES;
				SWIFT_ACTIVE_COMPILATION_CONDITIONS = "DEBUG $(inherited)";
				SWIFT_OPTIMIZATION_LEVEL = "-Onone";
			};
			name = Debug;
		};
		45DEBE6C2B3F727200003B71 /* Release */ = {
			isa = XCBuildConfiguration;
			buildSettings = {
				ALWAYS_SEARCH_USER_PATHS = NO;
				ASSETCATALOG_COMPILER_GENERATE_SWIFT_ASSET_SYMBOL_EXTENSIONS = YES;
				CLANG_ANALYZER_NONNULL = YES;
				CLANG_ANALYZER_NUMBER_OBJECT_CONVERSION = YES_AGGRESSIVE;
				CLANG_CXX_LANGUAGE_STANDARD = "gnu++20";
				CLANG_ENABLE_MODULES = YES;
				CLANG_ENABLE_OBJC_ARC = YES;
				CLANG_ENABLE_OBJC_WEAK = YES;
				CLANG_WARN_BLOCK_CAPTURE_AUTORELEASING = YES;
				CLANG_WARN_BOOL_CONVERSION = YES;
				CLANG_WARN_COMMA = YES;
				CLANG_WARN_CONSTANT_CONVERSION = YES;
				CLANG_WARN_DEPRECATED_OBJC_IMPLEMENTATIONS = YES;
				CLANG_WARN_DIRECT_OBJC_ISA_USAGE = YES_ERROR;
				CLANG_WARN_DOCUMENTATION_COMMENTS = YES;
				CLANG_WARN_EMPTY_BODY = YES;
				CLANG_WARN_ENUM_CONVERSION = YES;
				CLANG_WARN_INFINITE_RECURSION = YES;
				CLANG_WARN_INT_CONVERSION = YES;
				CLANG_WARN_NON_LITERAL_NULL_CONVERSION = YES;
				CLANG_WARN_OBJC_IMPLICIT_RETAIN_SELF = YES;
				CLANG_WARN_OBJC_LITERAL_CONVERSION = YES;
				CLANG_WARN_OBJC_ROOT_CLASS = YES_ERROR;
				CLANG_WARN_QUOTED_INCLUDE_IN_FRAMEWORK_HEADER = YES;
				CLANG_WARN_RANGE_LOOP_ANALYSIS = YES;
				CLANG_WARN_STRICT_PROTOTYPES = YES;
				CLANG_WARN_SUSPICIOUS_MOVE = YES;
				CLANG_WARN_UNGUARDED_AVAILABILITY = YES_AGGRESSIVE;
				CLANG_WARN_UNREACHABLE_CODE = YES;
				CLANG_WARN__DUPLICATE_METHOD_MATCH = YES;
				COPY_PHASE_STRIP = NO;
				DEBUG_INFORMATION_FORMAT = "dwarf-with-dsym";
				ENABLE_NS_ASSERTIONS = NO;
				ENABLE_STRICT_OBJC_MSGSEND = YES;
				ENABLE_USER_SCRIPT_SANDBOXING = YES;
				GCC_C_LANGUAGE_STANDARD = gnu17;
				GCC_NO_COMMON_BLOCKS = YES;
				GCC_WARN_64_TO_32_BIT_CONVERSION = YES;
				GCC_WARN_ABOUT_RETURN_TYPE = YES_ERROR;
				GCC_WARN_UNDECLARED_SELECTOR = YES;
				GCC_WARN_UNINITIALIZED_AUTOS = YES_AGGRESSIVE;
				GCC_WARN_UNUSED_FUNCTION = YES;
				GCC_WARN_UNUSED_VARIABLE = YES;
				INFOPLIST_KEY_NSMicrophoneUsageDescription = "We need acces to your microphone :) ";
				INFOPLIST_KEY_NSMotionUsageDescription = "";
				LOCALIZATION_PREFERS_STRING_CATALOGS = YES;
				MTL_ENABLE_DEBUG_INFO = NO;
				MTL_FAST_MATH = YES;
				SWIFT_COMPILATION_MODE = wholemodule;
			};
			name = Release;
		};
		45DEBE6E2B3F727200003B71 /* Debug */ = {
			isa = XCBuildConfiguration;
			buildSettings = {
				ALWAYS_EMBED_SWIFT_STANDARD_LIBRARIES = YES;
				ASSETCATALOG_COMPILER_APPICON_NAME = AppIcon;
				ASSETCATALOG_COMPILER_GLOBAL_ACCENT_COLOR_NAME = AccentColor;
				CODE_SIGN_STYLE = Automatic;
				CURRENT_PROJECT_VERSION = 1;
				DEVELOPMENT_ASSET_PATHS = "\"RecordTest Watch App/Preview Content\"";
				DEVELOPMENT_TEAM = S98C3BL8SB;
				ENABLE_PREVIEWS = YES;
				GENERATE_INFOPLIST_FILE = YES;
				INFOPLIST_KEY_CFBundleDisplayName = RecordTest;
				INFOPLIST_KEY_UISupportedInterfaceOrientations = "UIInterfaceOrientationPortrait UIInterfaceOrientationPortraitUpsideDown";
				INFOPLIST_KEY_WKWatchOnly = YES;
				LD_RUNPATH_SEARCH_PATHS = (
					"$(inherited)",
					"@executable_path/Frameworks",
				);
				MARKETING_VERSION = 1.0;
				PRODUCT_BUNDLE_IDENTIFIER = PeterSanyo.RecordTest.watchkitapp;
				PRODUCT_NAME = "$(TARGET_NAME)";
				SDKROOT = watchos;
				SKIP_INSTALL = YES;
				SWIFT_EMIT_LOC_STRINGS = YES;
				SWIFT_VERSION = 5.0;
				TARGETED_DEVICE_FAMILY = 4;
				WATCHOS_DEPLOYMENT_TARGET = 10.2;
			};
			name = Debug;
		};
		45DEBE6F2B3F727200003B71 /* Release */ = {
			isa = XCBuildConfiguration;
			buildSettings = {
				ALWAYS_EMBED_SWIFT_STANDARD_LIBRARIES = YES;
				ASSETCATALOG_COMPILER_APPICON_NAME = AppIcon;
				ASSETCATALOG_COMPILER_GLOBAL_ACCENT_COLOR_NAME = AccentColor;
				CODE_SIGN_STYLE = Automatic;
				CURRENT_PROJECT_VERSION = 1;
				DEVELOPMENT_ASSET_PATHS = "\"RecordTest Watch App/Preview Content\"";
				DEVELOPMENT_TEAM = S98C3BL8SB;
				ENABLE_PREVIEWS = YES;
				GENERATE_INFOPLIST_FILE = YES;
				INFOPLIST_KEY_CFBundleDisplayName = RecordTest;
				INFOPLIST_KEY_UISupportedInterfaceOrientations = "UIInterfaceOrientationPortrait UIInterfaceOrientationPortraitUpsideDown";
				INFOPLIST_KEY_WKWatchOnly = YES;
				LD_RUNPATH_SEARCH_PATHS = (
					"$(inherited)",
					"@executable_path/Frameworks",
				);
				MARKETING_VERSION = 1.0;
				PRODUCT_BUNDLE_IDENTIFIER = PeterSanyo.RecordTest.watchkitapp;
				PRODUCT_NAME = "$(TARGET_NAME)";
				SDKROOT = watchos;
				SKIP_INSTALL = YES;
				SWIFT_EMIT_LOC_STRINGS = YES;
				SWIFT_VERSION = 5.0;
				TARGETED_DEVICE_FAMILY = 4;
				VALIDATE_PRODUCT = YES;
				WATCHOS_DEPLOYMENT_TARGET = 10.2;
			};
			name = Release;
		};
		45DEBE722B3F727200003B71 /* Debug */ = {
			isa = XCBuildConfiguration;
			buildSettings = {
				ALWAYS_EMBED_SWIFT_STANDARD_LIBRARIES = YES;
				CODE_SIGN_STYLE = Automatic;
				CURRENT_PROJECT_VERSION = 1;
				DEVELOPMENT_TEAM = S98C3BL8SB;
				INFOPLIST_KEY_CFBundleDisplayName = RecordTest;
				MARKETING_VERSION = 1.0;
				PRODUCT_BUNDLE_IDENTIFIER = PeterSanyo.RecordTest;
				PRODUCT_NAME = "$(TARGET_NAME)";
				SDKROOT = iphoneos;
				SWIFT_VERSION = 5.0;
			};
			name = Debug;
		};
		45DEBE732B3F727200003B71 /* Release */ = {
			isa = XCBuildConfiguration;
			buildSettings = {
				ALWAYS_EMBED_SWIFT_STANDARD_LIBRARIES = YES;
				CODE_SIGN_STYLE = Automatic;
				CURRENT_PROJECT_VERSION = 1;
				DEVELOPMENT_TEAM = S98C3BL8SB;
				INFOPLIST_KEY_CFBundleDisplayName = RecordTest;
				MARKETING_VERSION = 1.0;
				PRODUCT_BUNDLE_IDENTIFIER = PeterSanyo.RecordTest;
				PRODUCT_NAME = "$(TARGET_NAME)";
				SDKROOT = iphoneos;
				SWIFT_VERSION = 5.0;
				VALIDATE_PRODUCT = YES;
			};
			name = Release;
		};
/* End XCBuildConfiguration section */

/* Begin XCConfigurationList section */
		45C84AEC2B48020100F344B7 /* Build configuration list for PBXNativeTarget "WidgetExtensionExtension" */ = {
			isa = XCConfigurationList;
			buildConfigurations = (
				45C84AEA2B48020100F344B7 /* Debug */,
				45C84AEB2B48020100F344B7 /* Release */,
			);
			defaultConfigurationIsVisible = 0;
			defaultConfigurationName = Release;
		};
		45DEBE542B3F727100003B71 /* Build configuration list for PBXProject "RecordTest" */ = {
			isa = XCConfigurationList;
			buildConfigurations = (
				45DEBE6B2B3F727200003B71 /* Debug */,
				45DEBE6C2B3F727200003B71 /* Release */,
			);
			defaultConfigurationIsVisible = 0;
			defaultConfigurationName = Release;
		};
		45DEBE6D2B3F727200003B71 /* Build configuration list for PBXNativeTarget "RecordTest Watch App" */ = {
			isa = XCConfigurationList;
			buildConfigurations = (
				45DEBE6E2B3F727200003B71 /* Debug */,
				45DEBE6F2B3F727200003B71 /* Release */,
			);
			defaultConfigurationIsVisible = 0;
			defaultConfigurationName = Release;
		};
		45DEBE712B3F727200003B71 /* Build configuration list for PBXNativeTarget "RecordTest" */ = {
			isa = XCConfigurationList;
			buildConfigurations = (
				45DEBE722B3F727200003B71 /* Debug */,
				45DEBE732B3F727200003B71 /* Release */,
			);
			defaultConfigurationIsVisible = 0;
			defaultConfigurationName = Release;
		};
/* End XCConfigurationList section */
	};
	rootObject = 45DEBE512B3F727100003B71 /* Project object */;
}
